{
  "name": "play",
  "version": "1.0.0",
  "lockfileVersion": 3,
  "requires": true,
  "packages": {
    "": {
      "name": "play",
      "version": "1.0.0",
      "license": "ISC",
      "dependencies": {
        "cross-domain-storage": "^2.0.7"
      }
    },
    "node_modules/cross-domain-storage": {
      "version": "2.0.7",
      "resolved": "https://registry.npmjs.org/cross-domain-storage/-/cross-domain-storage-2.0.7.tgz",
      "integrity": "sha512-IWaLY2NbAxX5yYxgNxQVx4HzWM2+LZi8LQPS4ILXX3JFF2TQ2rpph0Rh1kRWN8AZ01W0YuLY1FidqVWTyD5mBQ=="
    }
  }
}
